
Microsoft Visual Studio Solution File, Format Version 12.00
# Visual Studio Version 16
VisualStudioVersion = 16.0.31624.102
MinimumVisualStudioVersion = 10.0.40219.1
Project("{FAE04EC0-301F-11D3-BF4B-00C04F79EFBC}") = "Game 'Trip'", "Game 'Trip'\Game 'Trip'.csproj", "{4710C823-5E0A-4C79-98A9-81537A499F9C}"
EndProject
Global
	GlobalSection(SolutionConfigurationPlatforms) = preSolution
		Debug|Any CPU = Debug|Any CPU
		Release|Any CPU = Release|Any CPU
	EndGlobalSection
	GlobalSection(ProjectConfigurationPlatforms) = postSolution
		{4710C823-5E0A-4C79-98A9-81537A499F9C}.Debug|Any CPU.ActiveCfg = Debug|Any CPU
		{4710C823-5E0A-4C79-98A9-81537A499F9C}.Debug|Any CPU.Build.0 = Debug|Any CPU
		{4710C823-5E0A-4C79-98A9-81537A499F9C}.Release|Any CPU.ActiveCfg = Release|Any CPU
		{4710C823-5E0A-4C79-98A9-81537A499F9C}.Release|Any CPU.Build.0 = Release|Any CPU
	EndGlobalSection
	GlobalSection(SolutionProperties) = preSolution
		HideSolutionNode = FALSE
	EndGlobalSection
	GlobalSection(ExtensibilityGlobals) = postSolution
		SolutionGuid = {C4A30DAA-383A-4750-ABBF-6F476BFAFAE3}
	EndGlobalSection
EndGlobal
